<?xml version="1.0" encoding="utf-8"?>
<Project ToolsVersion="4.0" xmlns="http://schemas.microsoft.com/developer/msbuild/2003">
  <ItemGroup>
    <ClCompile Include="DemoGame.cpp" />
    <ClCompile Include="DemoPostProcess.cpp">
      <Filter>PostProcess</Filter>
    </ClCompile>
  </ItemGroup>
  <ItemGroup>
    <None Include="demo_game_scene.json" />
    <None Include="DemoCommons.hlsli">
      <Filter>Shaders</Filter>
    </None>
  </ItemGroup>
  <ItemGroup>
    <FxCompile Include="TerrainVS.hlsl">
      <Filter>Shaders</Filter>
    </FxCompile>
    <FxCompile Include="TerrainPS.hlsl">
      <Filter>Shaders</Filter>
    </FxCompile>
    <FxCompile Include="TerrainGS.hlsl">
      <Filter>Shaders</Filter>
    </FxCompile>
    <FxCompile Include="TerrainDS.hlsl">
      <Filter>Shaders</Filter>
    </FxCompile>
    <FxCompile Include="DemoPostEffect.hlsl">
      <Filter>PostProcess</Filter>
    </FxCompile>
  </ItemGroup>
  <ItemGroup>
    <Filter Include="Shaders">
      <UniqueIdentifier>{62dd1e84-f617-4ae2-8a1d-100eb5adf2ce}</UniqueIdentifier>
    </Filter>
    <Filter Include="Components">
      <UniqueIdentifier>{ec8be479-3782-4413-abc7-2435a8d25515}</UniqueIdentifier>
    </Filter>
    <Filter Include="Systems">
      <UniqueIdentifier>{9978d7d6-914b-42e1-9712-1fb3af514d2f}</UniqueIdentifier>
    </Filter>
    <Filter Include="PostProcess">
      <UniqueIdentifier>{fdb2b792-c752-4d20-ba5f-1a973d0380e6}</UniqueIdentifier>
    </Filter>
  </ItemGroup>
  <ItemGroup>
    <ClInclude Include="GamePlayerSystem.h">
      <Filter>Systems</Filter>
    </ClInclude>
    <ClInclude Include="GameComponents.h">
      <Filter>Components</Filter>
    </ClInclude>
    <ClInclude Include="FireSystem.h">
      <Filter>Systems</Filter>
    </ClInclude>
    <ClInclude Include="DemoPostProcess.h">
      <Filter>PostProcess</Filter>
    </ClInclude>
    <ClInclude Include="EnemySystem.h">
      <Filter>Systems</Filter>
    </ClInclude>
    <ClInclude Include="GameCameraSystem.h">
      <Filter>Systems</Filter>
    </ClInclude>
  </ItemGroup>
</Project>